
Microsoft Visual Studio Solution File, Format Version 12.00
# Visual Studio Version 17
VisualStudioVersion = 17.4.33110.190
MinimumVisualStudioVersion = 10.0.40219.1
Project("{9A19103F-16F7-4668-BE54-9A1E7A4F7556}") = "Task01", "Task01\Task01.csproj", "{5D543C8A-89E1-49D7-8CFB-B08BC02826BB}"
EndProject
Project("{9A19103F-16F7-4668-BE54-9A1E7A4F7556}") = "Game2048", "Game2048\Game2048.csproj", "{8FC8291C-BD10-4316-A069-BE4F535772A9}"
EndProject
Project("{FAE04EC0-301F-11D3-BF4B-00C04F79EFBC}") = "SimpleChart", "SimpleChart\SimpleChart.csproj", "{3B0395B2-37F2-4B45-9CCA-67ED5425C048}"
EndProject
Global
	GlobalSection(SolutionConfigurationPlatforms) = preSolution
		Debug|Any CPU = Debug|Any CPU
		Release|Any CPU = Release|Any CPU
	EndGlobalSection
	GlobalSection(ProjectConfigurationPlatforms) = postSolution
		{5D543C8A-89E1-49D7-8CFB-B08BC02826BB}.Debug|Any CPU.ActiveCfg = Debug|Any CPU
		{5D543C8A-89E1-49D7-8CFB-B08BC02826BB}.Debug|Any CPU.Build.0 = Debug|Any CPU
		{5D543C8A-89E1-49D7-8CFB-B08BC02826BB}.Release|Any CPU.ActiveCfg = Release|Any CPU
		{5D543C8A-89E1-49D7-8CFB-B08BC02826BB}.Release|Any CPU.Build.0 = Release|Any CPU
		{8FC8291C-BD10-4316-A069-BE4F535772A9}.Debug|Any CPU.ActiveCfg = Debug|Any CPU
		{8FC8291C-BD10-4316-A069-BE4F535772A9}.Debug|Any CPU.Build.0 = Debug|Any CPU
		{8FC8291C-BD10-4316-A069-BE4F535772A9}.Release|Any CPU.ActiveCfg = Release|Any CPU
		{8FC8291C-BD10-4316-A069-BE4F535772A9}.Release|Any CPU.Build.0 = Release|Any CPU
		{3B0395B2-37F2-4B45-9CCA-67ED5425C048}.Debug|Any CPU.ActiveCfg = Debug|Any CPU
		{3B0395B2-37F2-4B45-9CCA-67ED5425C048}.Debug|Any CPU.Build.0 = Debug|Any CPU
		{3B0395B2-37F2-4B45-9CCA-67ED5425C048}.Release|Any CPU.ActiveCfg = Release|Any CPU
		{3B0395B2-37F2-4B45-9CCA-67ED5425C048}.Release|Any CPU.Build.0 = Release|Any CPU
	EndGlobalSection
	GlobalSection(SolutionProperties) = preSolution
		HideSolutionNode = FALSE
	EndGlobalSection
	GlobalSection(ExtensibilityGlobals) = postSolution
		SolutionGuid = {E51ADA87-2589-4F0A-BB6D-0978275DE122}
	EndGlobalSection
EndGlobal
